
Microsoft Visual Studio Solution File, Format Version 12.00
# Visual Studio Version 17
VisualStudioVersion = 17.3.32929.385
MinimumVisualStudioVersion = 10.0.40219.1
Project("{8BC9CEB8-8B4A-11D0-8D11-00A0C91BC942}") = "ejercicio_2_2", "ejercicio_2_2\ejercicio_2_2.vcxproj", "{841C5AD9-0751-4F82-A67C-386502C90E13}"
EndProject
Project("{8BC9CEB8-8B4A-11D0-8D11-00A0C91BC942}") = "ejercicio_2_1", "ejercicio_2_1\ejercicio_2_1.vcxproj", "{57BC5C1C-D58D-4CFF-A8B5-EAB6667CAC88}"
EndProject
Project("{8BC9CEB8-8B4A-11D0-8D11-00A0C91BC942}") = "ejercicio_2_3", "ejercicio_2_3\ejercicio_2_3.vcxproj", "{AE047DE2-8821-469C-818E-3E6E1AC5337B}"
EndProject
Project("{8BC9CEB8-8B4A-11D0-8D11-00A0C91BC942}") = "ejercicio_3_1", "ejercicio_3_1\ejercicio_3_1.vcxproj", "{3DE4CDDC-62D5-4AF6-B343-51E10EB99270}"
EndProject
Project("{8BC9CEB8-8B4A-11D0-8D11-00A0C91BC942}") = "ejercicio_3_2", "ejercicio_3_2\ejercicio_3_2.vcxproj", "{F86D7582-2FC1-4273-BADC-0C38688EC859}"
EndProject
Project("{8BC9CEB8-8B4A-11D0-8D11-00A0C91BC942}") = "ejercicio_3_3", "ejercicio_3_3\ejercicio_3_3.vcxproj", "{D9E03AC6-FA3E-4ABF-AD85-6A3C1F2F4099}"
EndProject
Project("{8BC9CEB8-8B4A-11D0-8D11-00A0C91BC942}") = "ejercicio_4_1", "ejercicio_4_1\ejercicio_4_1.vcxproj", "{BA785653-B4F8-4C19-B064-DB96585020E8}"
EndProject
Project("{8BC9CEB8-8B4A-11D0-8D11-00A0C91BC942}") = "ejercicio_4_2", "ejercicio_4_2\ejercicio_4_2.vcxproj", "{6F3B59C2-905F-43C0-8383-6C1BC95EABE5}"
EndProject
Project("{8BC9CEB8-8B4A-11D0-8D11-00A0C91BC942}") = "ejercicio_4_3", "ejercicio_4_3\ejercicio_4_3.vcxproj", "{EFEA94AF-712B-402A-B9A9-47843ABA8B42}"
EndProject
Project("{8BC9CEB8-8B4A-11D0-8D11-00A0C91BC942}") = "ejercicio_5_1", "ejercicio_5_1\ejercicio_5_1.vcxproj", "{31ABFD28-6362-4A54-AE7E-857620F9C200}"
EndProject
Project("{8BC9CEB8-8B4A-11D0-8D11-00A0C91BC942}") = "ejercicio_5_2", "ejercicio_5_2\ejercicio_5_2.vcxproj", "{8DD10275-AD2A-4B59-8AC2-BFA8FE2508B9}"
EndProject
Project("{8BC9CEB8-8B4A-11D0-8D11-00A0C91BC942}") = "ejercicio_5_3", "ejercicio_5_3\ejercicio_5_3.vcxproj", "{DD3511D9-F09F-46A1-BA19-5F49C4A7B147}"
EndProject
Project("{8BC9CEB8-8B4A-11D0-8D11-00A0C91BC942}") = "ejercicio_5_4", "ejercicio_5_4\ejercicio_5_4.vcxproj", "{D680DC44-DE37-49BF-B7AB-7B4B3D0AA49D}"
EndProject
Project("{8BC9CEB8-8B4A-11D0-8D11-00A0C91BC942}") = "ejercicio_6_1", "ejercicio_6_1\ejercicio_6_1.vcxproj", "{AD106DFC-928B-449F-9A9F-C35BE676279E}"
EndProject
Project("{8BC9CEB8-8B4A-11D0-8D11-00A0C91BC942}") = "ejercicio_6_2", "ejercicio_6_2\ejercicio_6_2.vcxproj", "{7FC209A7-7908-4D2B-B493-B1768DF94775}"
EndProject
Project("{8BC9CEB8-8B4A-11D0-8D11-00A0C91BC942}") = "ejercicio_6_3", "ejercicio_6_3\ejercicio_6_3.vcxproj", "{DB61A562-0D1D-40E0-957D-C36B9D95BF3D}"
EndProject
Project("{8BC9CEB8-8B4A-11D0-8D11-00A0C91BC942}") = "ejercicio_8_1", "ejercicio_8_1\ejercicio_8_1.vcxproj", "{E3B61AB2-BA36-44F0-8AC8-A5570F96477B}"
EndProject
Project("{8BC9CEB8-8B4A-11D0-8D11-00A0C91BC942}") = "unidad2_ejercicio_2", "unidad2_ejercicio_2\unidad2_ejercicio_2.vcxproj", "{A8175461-D5EE-45BF-BE7D-D4D951401DB0}"
EndProject
Project("{8BC9CEB8-8B4A-11D0-8D11-00A0C91BC942}") = "unidad2_ejer_2_6", "unidad2_ejer_2_6\unidad2_ejer_2_6.vcxproj", "{8690AE20-B643-4BFB-858E-EF65AE538714}"
EndProject
Project("{8BC9CEB8-8B4A-11D0-8D11-00A0C91BC942}") = "unidad3_ejer_2", "Unidad_3_ejerc_2\Unidad_3_ejerc_2.vcxproj", "{CDFA2044-DE3A-406D-B616-B4C0BDD437BC}"
EndProject
Project("{8BC9CEB8-8B4A-11D0-8D11-00A0C91BC942}") = "unidad3_ejercicio2_4", "unidad3_ejercicio2_4\unidad3_ejercicio2_4.vcxproj", "{BDC25440-D849-49B0-8F12-63FB20F53270}"
EndProject
Global
	GlobalSection(SolutionConfigurationPlatforms) = preSolution
		Debug|x64 = Debug|x64
		Debug|x86 = Debug|x86
		Release|x64 = Release|x64
		Release|x86 = Release|x86
	EndGlobalSection
	GlobalSection(ProjectConfigurationPlatforms) = postSolution
		{841C5AD9-0751-4F82-A67C-386502C90E13}.Debug|x64.ActiveCfg = Debug|x64
		{841C5AD9-0751-4F82-A67C-386502C90E13}.Debug|x64.Build.0 = Debug|x64
		{841C5AD9-0751-4F82-A67C-386502C90E13}.Debug|x86.ActiveCfg = Debug|Win32
		{841C5AD9-0751-4F82-A67C-386502C90E13}.Debug|x86.Build.0 = Debug|Win32
		{841C5AD9-0751-4F82-A67C-386502C90E13}.Release|x64.ActiveCfg = Release|x64
		{841C5AD9-0751-4F82-A67C-386502C90E13}.Release|x64.Build.0 = Release|x64
		{841C5AD9-0751-4F82-A67C-386502C90E13}.Release|x86.ActiveCfg = Release|Win32
		{841C5AD9-0751-4F82-A67C-386502C90E13}.Release|x86.Build.0 = Release|Win32
		{57BC5C1C-D58D-4CFF-A8B5-EAB6667CAC88}.Debug|x64.ActiveCfg = Debug|x64
		{57BC5C1C-D58D-4CFF-A8B5-EAB6667CAC88}.Debug|x64.Build.0 = Debug|x64
		{57BC5C1C-D58D-4CFF-A8B5-EAB6667CAC88}.Debug|x86.ActiveCfg = Debug|Win32
		{57BC5C1C-D58D-4CFF-A8B5-EAB6667CAC88}.Debug|x86.Build.0 = Debug|Win32
		{57BC5C1C-D58D-4CFF-A8B5-EAB6667CAC88}.Release|x64.ActiveCfg = Release|x64
		{57BC5C1C-D58D-4CFF-A8B5-EAB6667CAC88}.Release|x64.Build.0 = Release|x64
		{57BC5C1C-D58D-4CFF-A8B5-EAB6667CAC88}.Release|x86.ActiveCfg = Release|Win32
		{57BC5C1C-D58D-4CFF-A8B5-EAB6667CAC88}.Release|x86.Build.0 = Release|Win32
		{AE047DE2-8821-469C-818E-3E6E1AC5337B}.Debug|x64.ActiveCfg = Debug|x64
		{AE047DE2-8821-469C-818E-3E6E1AC5337B}.Debug|x64.Build.0 = Debug|x64
		{AE047DE2-8821-469C-818E-3E6E1AC5337B}.Debug|x86.ActiveCfg = Debug|Win32
		{AE047DE2-8821-469C-818E-3E6E1AC5337B}.Debug|x86.Build.0 = Debug|Win32
		{AE047DE2-8821-469C-818E-3E6E1AC5337B}.Release|x64.ActiveCfg = Release|x64
		{AE047DE2-8821-469C-818E-3E6E1AC5337B}.Release|x64.Build.0 = Release|x64
		{AE047DE2-8821-469C-818E-3E6E1AC5337B}.Release|x86.ActiveCfg = Release|Win32
		{AE047DE2-8821-469C-818E-3E6E1AC5337B}.Release|x86.Build.0 = Release|Win32
		{3DE4CDDC-62D5-4AF6-B343-51E10EB99270}.Debug|x64.ActiveCfg = Debug|x64
		{3DE4CDDC-62D5-4AF6-B343-51E10EB99270}.Debug|x64.Build.0 = Debug|x64
		{3DE4CDDC-62D5-4AF6-B343-51E10EB99270}.Debug|x86.ActiveCfg = Debug|Win32
		{3DE4CDDC-62D5-4AF6-B343-51E10EB99270}.Debug|x86.Build.0 = Debug|Win32
		{3DE4CDDC-62D5-4AF6-B343-51E10EB99270}.Release|x64.ActiveCfg = Release|x64
		{3DE4CDDC-62D5-4AF6-B343-51E10EB99270}.Release|x64.Build.0 = Release|x64
		{3DE4CDDC-62D5-4AF6-B343-51E10EB99270}.Release|x86.ActiveCfg = Release|Win32
		{3DE4CDDC-62D5-4AF6-B343-51E10EB99270}.Release|x86.Build.0 = Release|Win32
		{F86D7582-2FC1-4273-BADC-0C38688EC859}.Debug|x64.ActiveCfg = Debug|x64
		{F86D7582-2FC1-4273-BADC-0C38688EC859}.Debug|x64.Build.0 = Debug|x64
		{F86D7582-2FC1-4273-BADC-0C38688EC859}.Debug|x86.ActiveCfg = Debug|Win32
		{F86D7582-2FC1-4273-BADC-0C38688EC859}.Debug|x86.Build.0 = Debug|Win32
		{F86D7582-2FC1-4273-BADC-0C38688EC859}.Release|x64.ActiveCfg = Release|x64
		{F86D7582-2FC1-4273-BADC-0C38688EC859}.Release|x64.Build.0 = Release|x64
		{F86D7582-2FC1-4273-BADC-0C38688EC859}.Release|x86.ActiveCfg = Release|Win32
		{F86D7582-2FC1-4273-BADC-0C38688EC859}.Release|x86.Build.0 = Release|Win32
		{D9E03AC6-FA3E-4ABF-AD85-6A3C1F2F4099}.Debug|x64.ActiveCfg = Debug|x64
		{D9E03AC6-FA3E-4ABF-AD85-6A3C1F2F4099}.Debug|x64.Build.0 = Debug|x64
		{D9E03AC6-FA3E-4ABF-AD85-6A3C1F2F4099}.Debug|x86.ActiveCfg = Debug|Win32
		{D9E03AC6-FA3E-4ABF-AD85-6A3C1F2F4099}.Debug|x86.Build.0 = Debug|Win32
		{D9E03AC6-FA3E-4ABF-AD85-6A3C1F2F4099}.Release|x64.ActiveCfg = Release|x64
		{D9E03AC6-FA3E-4ABF-AD85-6A3C1F2F4099}.Release|x64.Build.0 = Release|x64
		{D9E03AC6-FA3E-4ABF-AD85-6A3C1F2F4099}.Release|x86.ActiveCfg = Release|Win32
		{D9E03AC6-FA3E-4ABF-AD85-6A3C1F2F4099}.Release|x86.Build.0 = Release|Win32
		{BA785653-B4F8-4C19-B064-DB96585020E8}.Debug|x64.ActiveCfg = Debug|x64
		{BA785653-B4F8-4C19-B064-DB96585020E8}.Debug|x64.Build.0 = Debug|x64
		{BA785653-B4F8-4C19-B064-DB96585020E8}.Debug|x86.ActiveCfg = Debug|Win32
		{BA785653-B4F8-4C19-B064-DB96585020E8}.Debug|x86.Build.0 = Debug|Win32
		{BA785653-B4F8-4C19-B064-DB96585020E8}.Release|x64.ActiveCfg = Release|x64
		{BA785653-B4F8-4C19-B064-DB96585020E8}.Release|x64.Build.0 = Release|x64
		{BA785653-B4F8-4C19-B064-DB96585020E8}.Release|x86.ActiveCfg = Release|Win32
		{BA785653-B4F8-4C19-B064-DB96585020E8}.Release|x86.Build.0 = Release|Win32
		{6F3B59C2-905F-43C0-8383-6C1BC95EABE5}.Debug|x64.ActiveCfg = Debug|x64
		{6F3B59C2-905F-43C0-8383-6C1BC95EABE5}.Debug|x64.Build.0 = Debug|x64
		{6F3B59C2-905F-43C0-8383-6C1BC95EABE5}.Debug|x86.ActiveCfg = Debug|Win32
		{6F3B59C2-905F-43C0-8383-6C1BC95EABE5}.Debug|x86.Build.0 = Debug|Win32
		{6F3B59C2-905F-43C0-8383-6C1BC95EABE5}.Release|x64.ActiveCfg = Release|x64
		{6F3B59C2-905F-43C0-8383-6C1BC95EABE5}.Release|x64.Build.0 = Release|x64
		{6F3B59C2-905F-43C0-8383-6C1BC95EABE5}.Release|x86.ActiveCfg = Release|Win32
		{6F3B59C2-905F-43C0-8383-6C1BC95EABE5}.Release|x86.Build.0 = Release|Win32
		{EFEA94AF-712B-402A-B9A9-47843ABA8B42}.Debug|x64.ActiveCfg = Debug|x64
		{EFEA94AF-712B-402A-B9A9-47843ABA8B42}.Debug|x64.Build.0 = Debug|x64
		{EFEA94AF-712B-402A-B9A9-47843ABA8B42}.Debug|x86.ActiveCfg = Debug|Win32
		{EFEA94AF-712B-402A-B9A9-47843ABA8B42}.Debug|x86.Build.0 = Debug|Win32
		{EFEA94AF-712B-402A-B9A9-47843ABA8B42}.Release|x64.ActiveCfg = Release|x64
		{EFEA94AF-712B-402A-B9A9-47843ABA8B42}.Release|x64.Build.0 = Release|x64
		{EFEA94AF-712B-402A-B9A9-47843ABA8B42}.Release|x86.ActiveCfg = Release|Win32
		{EFEA94AF-712B-402A-B9A9-47843ABA8B42}.Release|x86.Build.0 = Release|Win32
		{31ABFD28-6362-4A54-AE7E-857620F9C200}.Debug|x64.ActiveCfg = Debug|x64
		{31ABFD28-6362-4A54-AE7E-857620F9C200}.Debug|x64.Build.0 = Debug|x64
		{31ABFD28-6362-4A54-AE7E-857620F9C200}.Debug|x86.ActiveCfg = Debug|Win32
		{31ABFD28-6362-4A54-AE7E-857620F9C200}.Debug|x86.Build.0 = Debug|Win32
		{31ABFD28-6362-4A54-AE7E-857620F9C200}.Release|x64.ActiveCfg = Release|x64
		{31ABFD28-6362-4A54-AE7E-857620F9C200}.Release|x64.Build.0 = Release|x64
		{31ABFD28-6362-4A54-AE7E-857620F9C200}.Release|x86.ActiveCfg = Release|Win32
		{31ABFD28-6362-4A54-AE7E-857620F9C200}.Release|x86.Build.0 = Release|Win32
		{8DD10275-AD2A-4B59-8AC2-BFA8FE2508B9}.Debug|x64.ActiveCfg = Debug|x64
		{8DD10275-AD2A-4B59-8AC2-BFA8FE2508B9}.Debug|x64.Build.0 = Debug|x64
		{8DD10275-AD2A-4B59-8AC2-BFA8FE2508B9}.Debug|x86.ActiveCfg = Debug|Win32
		{8DD10275-AD2A-4B59-8AC2-BFA8FE2508B9}.Debug|x86.Build.0 = Debug|Win32
		{8DD10275-AD2A-4B59-8AC2-BFA8FE2508B9}.Release|x64.ActiveCfg = Release|x64
		{8DD10275-AD2A-4B59-8AC2-BFA8FE2508B9}.Release|x64.Build.0 = Release|x64
		{8DD10275-AD2A-4B59-8AC2-BFA8FE2508B9}.Release|x86.ActiveCfg = Release|Win32
		{8DD10275-AD2A-4B59-8AC2-BFA8FE2508B9}.Release|x86.Build.0 = Release|Win32
		{DD3511D9-F09F-46A1-BA19-5F49C4A7B147}.Debug|x64.ActiveCfg = Debug|x64
		{DD3511D9-F09F-46A1-BA19-5F49C4A7B147}.Debug|x64.Build.0 = Debug|x64
		{DD3511D9-F09F-46A1-BA19-5F49C4A7B147}.Debug|x86.ActiveCfg = Debug|Win32
		{DD3511D9-F09F-46A1-BA19-5F49C4A7B147}.Debug|x86.Build.0 = Debug|Win32
		{DD3511D9-F09F-46A1-BA19-5F49C4A7B147}.Release|x64.ActiveCfg = Release|x64
		{DD3511D9-F09F-46A1-BA19-5F49C4A7B147}.Release|x64.Build.0 = Release|x64
		{DD3511D9-F09F-46A1-BA19-5F49C4A7B147}.Release|x86.ActiveCfg = Release|Win32
		{DD3511D9-F09F-46A1-BA19-5F49C4A7B147}.Release|x86.Build.0 = Release|Win32
		{D680DC44-DE37-49BF-B7AB-7B4B3D0AA49D}.Debug|x64.ActiveCfg = Debug|x64
		{D680DC44-DE37-49BF-B7AB-7B4B3D0AA49D}.Debug|x64.Build.0 = Debug|x64
		{D680DC44-DE37-49BF-B7AB-7B4B3D0AA49D}.Debug|x86.ActiveCfg = Debug|Win32
		{D680DC44-DE37-49BF-B7AB-7B4B3D0AA49D}.Debug|x86.Build.0 = Debug|Win32
		{D680DC44-DE37-49BF-B7AB-7B4B3D0AA49D}.Release|x64.ActiveCfg = Release|x64
		{D680DC44-DE37-49BF-B7AB-7B4B3D0AA49D}.Release|x64.Build.0 = Release|x64
		{D680DC44-DE37-49BF-B7AB-7B4B3D0AA49D}.Release|x86.ActiveCfg = Release|Win32
		{D680DC44-DE37-49BF-B7AB-7B4B3D0AA49D}.Release|x86.Build.0 = Release|Win32
		{AD106DFC-928B-449F-9A9F-C35BE676279E}.Debug|x64.ActiveCfg = Debug|x64
		{AD106DFC-928B-449F-9A9F-C35BE676279E}.Debug|x64.Build.0 = Debug|x64
		{AD106DFC-928B-449F-9A9F-C35BE676279E}.Debug|x86.ActiveCfg = Debug|Win32
		{AD106DFC-928B-449F-9A9F-C35BE676279E}.Debug|x86.Build.0 = Debug|Win32
		{AD106DFC-928B-449F-9A9F-C35BE676279E}.Release|x64.ActiveCfg = Release|x64
		{AD106DFC-928B-449F-9A9F-C35BE676279E}.Release|x64.Build.0 = Release|x64
		{AD106DFC-928B-449F-9A9F-C35BE676279E}.Release|x86.ActiveCfg = Release|Win32
		{AD106DFC-928B-449F-9A9F-C35BE676279E}.Release|x86.Build.0 = Release|Win32
		{7FC209A7-7908-4D2B-B493-B1768DF94775}.Debug|x64.ActiveCfg = Debug|x64
		{7FC209A7-7908-4D2B-B493-B1768DF94775}.Debug|x64.Build.0 = Debug|x64
		{7FC209A7-7908-4D2B-B493-B1768DF94775}.Debug|x86.ActiveCfg = Debug|Win32
		{7FC209A7-7908-4D2B-B493-B1768DF94775}.Debug|x86.Build.0 = Debug|Win32
		{7FC209A7-7908-4D2B-B493-B1768DF94775}.Release|x64.ActiveCfg = Release|x64
		{7FC209A7-7908-4D2B-B493-B1768DF94775}.Release|x64.Build.0 = Release|x64
		{7FC209A7-7908-4D2B-B493-B1768DF94775}.Release|x86.ActiveCfg = Release|Win32
		{7FC209A7-7908-4D2B-B493-B1768DF94775}.Release|x86.Build.0 = Release|Win32
		{DB61A562-0D1D-40E0-957D-C36B9D95BF3D}.Debug|x64.ActiveCfg = Debug|x64
		{DB61A562-0D1D-40E0-957D-C36B9D95BF3D}.Debug|x64.Build.0 = Debug|x64
		{DB61A562-0D1D-40E0-957D-C36B9D95BF3D}.Debug|x86.ActiveCfg = Debug|Win32
		{DB61A562-0D1D-40E0-957D-C36B9D95BF3D}.Debug|x86.Build.0 = Debug|Win32
		{DB61A562-0D1D-40E0-957D-C36B9D95BF3D}.Release|x64.ActiveCfg = Release|x64
		{DB61A562-0D1D-40E0-957D-C36B9D95BF3D}.Release|x64.Build.0 = Release|x64
		{DB61A562-0D1D-40E0-957D-C36B9D95BF3D}.Release|x86.ActiveCfg = Release|Win32
		{DB61A562-0D1D-40E0-957D-C36B9D95BF3D}.Release|x86.Build.0 = Release|Win32
		{E3B61AB2-BA36-44F0-8AC8-A5570F96477B}.Debug|x64.ActiveCfg = Debug|x64
		{E3B61AB2-BA36-44F0-8AC8-A5570F96477B}.Debug|x64.Build.0 = Debug|x64
		{E3B61AB2-BA36-44F0-8AC8-A5570F96477B}.Debug|x86.ActiveCfg = Debug|Win32
		{E3B61AB2-BA36-44F0-8AC8-A5570F96477B}.Debug|x86.Build.0 = Debug|Win32
		{E3B61AB2-BA36-44F0-8AC8-A5570F96477B}.Release|x64.ActiveCfg = Release|x64
		{E3B61AB2-BA36-44F0-8AC8-A5570F96477B}.Release|x64.Build.0 = Release|x64
		{E3B61AB2-BA36-44F0-8AC8-A5570F96477B}.Release|x86.ActiveCfg = Release|Win32
		{E3B61AB2-BA36-44F0-8AC8-A5570F96477B}.Release|x86.Build.0 = Release|Win32
		{A8175461-D5EE-45BF-BE7D-D4D951401DB0}.Debug|x64.ActiveCfg = Debug|x64
		{A8175461-D5EE-45BF-BE7D-D4D951401DB0}.Debug|x64.Build.0 = Debug|x64
		{A8175461-D5EE-45BF-BE7D-D4D951401DB0}.Debug|x86.ActiveCfg = Debug|Win32
		{A8175461-D5EE-45BF-BE7D-D4D951401DB0}.Debug|x86.Build.0 = Debug|Win32
		{A8175461-D5EE-45BF-BE7D-D4D951401DB0}.Release|x64.ActiveCfg = Release|x64
		{A8175461-D5EE-45BF-BE7D-D4D951401DB0}.Release|x64.Build.0 = Release|x64
		{A8175461-D5EE-45BF-BE7D-D4D951401DB0}.Release|x86.ActiveCfg = Release|Win32
		{A8175461-D5EE-45BF-BE7D-D4D951401DB0}.Release|x86.Build.0 = Release|Win32
		{8690AE20-B643-4BFB-858E-EF65AE538714}.Debug|x64.ActiveCfg = Debug|x64
		{8690AE20-B643-4BFB-858E-EF65AE538714}.Debug|x64.Build.0 = Debug|x64
		{8690AE20-B643-4BFB-858E-EF65AE538714}.Debug|x86.ActiveCfg = Debug|Win32
		{8690AE20-B643-4BFB-858E-EF65AE538714}.Debug|x86.Build.0 = Debug|Win32
		{8690AE20-B643-4BFB-858E-EF65AE538714}.Release|x64.ActiveCfg = Release|x64
		{8690AE20-B643-4BFB-858E-EF65AE538714}.Release|x64.Build.0 = Release|x64
		{8690AE20-B643-4BFB-858E-EF65AE538714}.Release|x86.ActiveCfg = Release|Win32
		{8690AE20-B643-4BFB-858E-EF65AE538714}.Release|x86.Build.0 = Release|Win32
		{CDFA2044-DE3A-406D-B616-B4C0BDD437BC}.Debug|x64.ActiveCfg = Debug|x64
		{CDFA2044-DE3A-406D-B616-B4C0BDD437BC}.Debug|x64.Build.0 = Debug|x64
		{CDFA2044-DE3A-406D-B616-B4C0BDD437BC}.Debug|x86.ActiveCfg = Debug|Win32
		{CDFA2044-DE3A-406D-B616-B4C0BDD437BC}.Debug|x86.Build.0 = Debug|Win32
		{CDFA2044-DE3A-406D-B616-B4C0BDD437BC}.Release|x64.ActiveCfg = Release|x64
		{CDFA2044-DE3A-406D-B616-B4C0BDD437BC}.Release|x64.Build.0 = Release|x64
		{CDFA2044-DE3A-406D-B616-B4C0BDD437BC}.Release|x86.ActiveCfg = Release|Win32
		{CDFA2044-DE3A-406D-B616-B4C0BDD437BC}.Release|x86.Build.0 = Release|Win32
		{BDC25440-D849-49B0-8F12-63FB20F53270}.Debug|x64.ActiveCfg = Debug|x64
		{BDC25440-D849-49B0-8F12-63FB20F53270}.Debug|x64.Build.0 = Debug|x64
		{BDC25440-D849-49B0-8F12-63FB20F53270}.Debug|x86.ActiveCfg = Debug|Win32
		{BDC25440-D849-49B0-8F12-63FB20F53270}.Debug|x86.Build.0 = Debug|Win32
		{BDC25440-D849-49B0-8F12-63FB20F53270}.Release|x64.ActiveCfg = Release|x64
		{BDC25440-D849-49B0-8F12-63FB20F53270}.Release|x64.Build.0 = Release|x64
		{BDC25440-D849-49B0-8F12-63FB20F53270}.Release|x86.ActiveCfg = Release|Win32
		{BDC25440-D849-49B0-8F12-63FB20F53270}.Release|x86.Build.0 = Release|Win32
	EndGlobalSection
	GlobalSection(SolutionProperties) = preSolution
		HideSolutionNode = FALSE
	EndGlobalSection
	GlobalSection(ExtensibilityGlobals) = postSolution
		SolutionGuid = {4B0C2144-30E8-4517-AE44-4AAB71F6AA99}
	EndGlobalSection
EndGlobal
